
Microsoft Visual Studio Solution File, Format Version 12.00
# Visual Studio Version 17
VisualStudioVersion = 17.8.34330.188
MinimumVisualStudioVersion = 10.0.40219.1
Project("{FAE04EC0-301F-11D3-BF4B-00C04F79EFBC}") = "DesignPatterns", "DesignPatterns\DesignPatterns.csproj", "{C8B8DA00-9DEE-48CB-913E-041FAA50D59C}"
EndProject
Project("{FAE04EC0-301F-11D3-BF4B-00C04F79EFBC}") = "DesignPatternsAsp", "DesignPatternsAsp\DesignPatternsAsp.csproj", "{6AFD8213-F698-42B1-815B-2000B949E00F}"
EndProject
Project("{FAE04EC0-301F-11D3-BF4B-00C04F79EFBC}") = "Tools", "Tools\Tools.csproj", "{71ADC467-D0FB-4ACD-90B6-3612D45E29AE}"
EndProject
Global
	GlobalSection(SolutionConfigurationPlatforms) = preSolution
		Debug|Any CPU = Debug|Any CPU
		Release|Any CPU = Release|Any CPU
	EndGlobalSection
	GlobalSection(ProjectConfigurationPlatforms) = postSolution
		{C8B8DA00-9DEE-48CB-913E-041FAA50D59C}.Debug|Any CPU.ActiveCfg = Debug|Any CPU
		{C8B8DA00-9DEE-48CB-913E-041FAA50D59C}.Debug|Any CPU.Build.0 = Debug|Any CPU
		{C8B8DA00-9DEE-48CB-913E-041FAA50D59C}.Release|Any CPU.ActiveCfg = Release|Any CPU
		{C8B8DA00-9DEE-48CB-913E-041FAA50D59C}.Release|Any CPU.Build.0 = Release|Any CPU
		{6AFD8213-F698-42B1-815B-2000B949E00F}.Debug|Any CPU.ActiveCfg = Debug|Any CPU
		{6AFD8213-F698-42B1-815B-2000B949E00F}.Debug|Any CPU.Build.0 = Debug|Any CPU
		{6AFD8213-F698-42B1-815B-2000B949E00F}.Release|Any CPU.ActiveCfg = Release|Any CPU
		{6AFD8213-F698-42B1-815B-2000B949E00F}.Release|Any CPU.Build.0 = Release|Any CPU
		{71ADC467-D0FB-4ACD-90B6-3612D45E29AE}.Debug|Any CPU.ActiveCfg = Debug|Any CPU
		{71ADC467-D0FB-4ACD-90B6-3612D45E29AE}.Debug|Any CPU.Build.0 = Debug|Any CPU
		{71ADC467-D0FB-4ACD-90B6-3612D45E29AE}.Release|Any CPU.ActiveCfg = Release|Any CPU
		{71ADC467-D0FB-4ACD-90B6-3612D45E29AE}.Release|Any CPU.Build.0 = Release|Any CPU
	EndGlobalSection
	GlobalSection(SolutionProperties) = preSolution
		HideSolutionNode = FALSE
	EndGlobalSection
	GlobalSection(ExtensibilityGlobals) = postSolution
		SolutionGuid = {646BA9C7-B768-468A-ABCE-B4B340D1102E}
	EndGlobalSection
EndGlobal
